
Microsoft Visual Studio Solution File, Format Version 12.00
# Visual Studio Version 16
VisualStudioVersion = 16.0.31410.357
MinimumVisualStudioVersion = 10.0.40219.1
Project("{FAE04EC0-301F-11D3-BF4B-00C04F79EFBC}") = "HRPotralAPI", "HRPotralAPI\HRPotralAPI.csproj", "{A2969CB0-C6C0-45BF-9682-22FA08B61C9F}"
EndProject
Global
	GlobalSection(SolutionConfigurationPlatforms) = preSolution
		Debug|Any CPU = Debug|Any CPU
		Release|Any CPU = Release|Any CPU
	EndGlobalSection
	GlobalSection(ProjectConfigurationPlatforms) = postSolution
		{A2969CB0-C6C0-45BF-9682-22FA08B61C9F}.Debug|Any CPU.ActiveCfg = Debug|Any CPU
		{A2969CB0-C6C0-45BF-9682-22FA08B61C9F}.Debug|Any CPU.Build.0 = Debug|Any CPU
		{A2969CB0-C6C0-45BF-9682-22FA08B61C9F}.Release|Any CPU.ActiveCfg = Release|Any CPU
		{A2969CB0-C6C0-45BF-9682-22FA08B61C9F}.Release|Any CPU.Build.0 = Release|Any CPU
	EndGlobalSection
	GlobalSection(SolutionProperties) = preSolution
		HideSolutionNode = FALSE
	EndGlobalSection
	GlobalSection(ExtensibilityGlobals) = postSolution
		SolutionGuid = {70264253-C2A6-4182-A99C-F435024DFBE9}
	EndGlobalSection
EndGlobal
